
Microsoft Visual Studio Solution File, Format Version 12.00
# Visual Studio 15
VisualStudioVersion = 15.0.28307.757
MinimumVisualStudioVersion = 10.0.40219.1
Project("{FAE04EC0-301F-11D3-BF4B-00C04F79EFBC}") = "RecursionETC", "RecursionETC\RecursionETC.csproj", "{28F6BB24-C4C7-450D-B71B-2D0FD6DF8DD3}"
EndProject
Global
	GlobalSection(SolutionConfigurationPlatforms) = preSolution
		Debug|Any CPU = Debug|Any CPU
		Release|Any CPU = Release|Any CPU
	EndGlobalSection
	GlobalSection(ProjectConfigurationPlatforms) = postSolution
		{28F6BB24-C4C7-450D-B71B-2D0FD6DF8DD3}.Debug|Any CPU.ActiveCfg = Debug|Any CPU
		{28F6BB24-C4C7-450D-B71B-2D0FD6DF8DD3}.Debug|Any CPU.Build.0 = Debug|Any CPU
		{28F6BB24-C4C7-450D-B71B-2D0FD6DF8DD3}.Release|Any CPU.ActiveCfg = Release|Any CPU
		{28F6BB24-C4C7-450D-B71B-2D0FD6DF8DD3}.Release|Any CPU.Build.0 = Release|Any CPU
	EndGlobalSection
	GlobalSection(SolutionProperties) = preSolution
		HideSolutionNode = FALSE
	EndGlobalSection
	GlobalSection(ExtensibilityGlobals) = postSolution
		SolutionGuid = {E537A54B-FE67-424C-897D-BC2BDA30BB88}
	EndGlobalSection
EndGlobal
